
Microsoft Visual Studio Solution File, Format Version 12.00
# Visual Studio Version 17
VisualStudioVersion = 17.14.36221.1 d17.14
MinimumVisualStudioVersion = 10.0.40219.1
Project("{FAE04EC0-301F-11D3-BF4B-00C04F79EFBC}") = "3_menghilangkan_pernyataan_padaconsole", "3_menghilangkan_pernyataan_padaconsole\3_menghilangkan_pernyataan_padaconsole.csproj", "{79527349-28EC-4181-8DF4-CD19257E85B8}"
EndProject
Global
	GlobalSection(SolutionConfigurationPlatforms) = preSolution
		Debug|Any CPU = Debug|Any CPU
		Release|Any CPU = Release|Any CPU
	EndGlobalSection
	GlobalSection(ProjectConfigurationPlatforms) = postSolution
		{79527349-28EC-4181-8DF4-CD19257E85B8}.Debug|Any CPU.ActiveCfg = Debug|Any CPU
		{79527349-28EC-4181-8DF4-CD19257E85B8}.Debug|Any CPU.Build.0 = Debug|Any CPU
		{79527349-28EC-4181-8DF4-CD19257E85B8}.Release|Any CPU.ActiveCfg = Release|Any CPU
		{79527349-28EC-4181-8DF4-CD19257E85B8}.Release|Any CPU.Build.0 = Release|Any CPU
	EndGlobalSection
	GlobalSection(SolutionProperties) = preSolution
		HideSolutionNode = FALSE
	EndGlobalSection
	GlobalSection(ExtensibilityGlobals) = postSolution
		SolutionGuid = {31A53267-76F4-4B10-BE1C-193836E75BEA}
	EndGlobalSection
EndGlobal
